
Microsoft Visual Studio Solution File, Format Version 12.00
# Visual Studio Version 16
VisualStudioVersion = 16.0.31409.214
MinimumVisualStudioVersion = 10.0.40219.1
Project("{FAE04EC0-301F-11D3-BF4B-00C04F79EFBC}") = "BlondAPI", "BlondAPI\BlondAPI.csproj", "{58D0DDA5-436A-4815-97EC-5E9BD66307EB}"
EndProject
Global
	GlobalSection(SolutionConfigurationPlatforms) = preSolution
		Debug|Any CPU = Debug|Any CPU
		Release|Any CPU = Release|Any CPU
	EndGlobalSection
	GlobalSection(ProjectConfigurationPlatforms) = postSolution
		{58D0DDA5-436A-4815-97EC-5E9BD66307EB}.Debug|Any CPU.ActiveCfg = Debug|Any CPU
		{58D0DDA5-436A-4815-97EC-5E9BD66307EB}.Debug|Any CPU.Build.0 = Debug|Any CPU
		{58D0DDA5-436A-4815-97EC-5E9BD66307EB}.Release|Any CPU.ActiveCfg = Release|Any CPU
		{58D0DDA5-436A-4815-97EC-5E9BD66307EB}.Release|Any CPU.Build.0 = Release|Any CPU
	EndGlobalSection
	GlobalSection(SolutionProperties) = preSolution
		HideSolutionNode = FALSE
	EndGlobalSection
	GlobalSection(ExtensibilityGlobals) = postSolution
		SolutionGuid = {8BC33BD9-D6FE-40EC-82FF-8DD36182159C}
	EndGlobalSection
EndGlobal
